Microsoft Visual Studio Solution File, Format Version 12.00
# Visual Studio 2012
Project("{FAE04EC0-301F-11D3-BF4B-00C04F79EFBC}") = "01_Pixels", "01_Pixels.csproj", "{07209E84-C7D1-41B2-9A14-848BA44B857B}"
EndProject
Global
	GlobalSection(SolutionConfigurationPlatforms) = preSolution
	Debug|Any CPU = Debug|Any CPU
	ExportDebug|Any CPU = ExportDebug|Any CPU
	ExportRelease|Any CPU = ExportRelease|Any CPU
	EndGlobalSection
	GlobalSection(ProjectConfigurationPlatforms) = postSolution
		{07209E84-C7D1-41B2-9A14-848BA44B857B}.Debug|Any CPU.ActiveCfg = Debug|Any CPU
		{07209E84-C7D1-41B2-9A14-848BA44B857B}.Debug|Any CPU.Build.0 = Debug|Any CPU
		{07209E84-C7D1-41B2-9A14-848BA44B857B}.ExportDebug|Any CPU.ActiveCfg = ExportDebug|Any CPU
		{07209E84-C7D1-41B2-9A14-848BA44B857B}.ExportDebug|Any CPU.Build.0 = ExportDebug|Any CPU
		{07209E84-C7D1-41B2-9A14-848BA44B857B}.ExportRelease|Any CPU.ActiveCfg = ExportRelease|Any CPU
		{07209E84-C7D1-41B2-9A14-848BA44B857B}.ExportRelease|Any CPU.Build.0 = ExportRelease|Any CPU
	EndGlobalSection
EndGlobal
